PODS:
  - Alamofire (4.5.0)
  - AlamofireImage (3.2.0):
    - Alamofire (~> 4.1)
  - KRActivityIndicatorView (2.0.2)
  - KRProgressHUD (3.0.0):
    - KRActivityIndicatorView (~> 2.0.2)

DEPENDENCIES:
  - AlamofireImage (~> 3.1)
  - KRProgressHUD

SPEC CHECKSUMS:
  Alamofire: f28cdffd29de33a7bfa022cbd63ae95a27fae140
  AlamofireImage: 157ed682cc81d3b9db4fb90c1f12180ac552d93b
  KRActivityIndicatorView: 2a9d5442ba8da6274db3afdf46aeaef7cf6dd8ad
  KRProgressHUD: 14f9fad06080bdb1e59569104a8eda654c83e813

PODFILE CHECKSUM: 8ac967cfe8896bd8e673924de5955ebbbac3fd49

COCOAPODS: 1.2.1
